// !$*UTF8*$!
{
	archiveVersion = 1;
	classes = {
	};
	objectVersion = 46;
	objects = {

/* Begin PBXBuildFile section */
		423635E11C1A59E400DB2160 /* unchained.framework in Frameworks */ = {isa = PBXBuildFile; fileRef = 42C86B241C17B54300735B38 /* unchained.framework */; };
		423635E21C1A59E400DB2160 /* unchained.framework in Embed Frameworks */ = {isa = PBXBuildFile; fileRef = 42C86B241C17B54300735B38 /* unchained.framework */; settings = {ATTRIBUTES = (CodeSignOnCopy, RemoveHeadersOnCopy, ); }; };
		423635F61C1A5A6700DB2160 /* twohundred.framework in Frameworks */ = {isa = PBXBuildFile; fileRef = 423635F51C1A5A6700DB2160 /* twohundred.framework */; };
		423635F71C1A5A6700DB2160 /* twohundred.framework in Embed Frameworks */ = {isa = PBXBuildFile; fileRef = 423635F51C1A5A6700DB2160 /* twohundred.framework */; settings = {ATTRIBUTES = (CodeSignOnCopy, RemoveHeadersOnCopy, ); }; };
		423635F91C1A5A8E00DB2160 /* Stencil.framework in Frameworks */ = {isa = PBXBuildFile; fileRef = 423635F81C1A5A8E00DB2160 /* Stencil.framework */; };
		423635FA1C1A5A8E00DB2160 /* Stencil.framework in Embed Frameworks */ = {isa = PBXBuildFile; fileRef = 423635F81C1A5A8E00DB2160 /* Stencil.framework */; settings = {ATTRIBUTES = (CodeSignOnCopy, RemoveHeadersOnCopy, ); }; };
		423635FC1C1A5A8E00DB2160 /* PathKit.framework in Frameworks */ = {isa = PBXBuildFile; fileRef = 423635FB1C1A5A8E00DB2160 /* PathKit.framework */; };
		423635FD1C1A5A8E00DB2160 /* PathKit.framework in Embed Frameworks */ = {isa = PBXBuildFile; fileRef = 423635FB1C1A5A8E00DB2160 /* PathKit.framework */; settings = {ATTRIBUTES = (CodeSignOnCopy, RemoveHeadersOnCopy, ); }; };
		423635FF1C1A5A8E00DB2160 /* pcre2.framework in Frameworks */ = {isa = PBXBuildFile; fileRef = 423635FE1C1A5A8E00DB2160 /* pcre2.framework */; };
		423636001C1A5A8E00DB2160 /* pcre2.framework in Embed Frameworks */ = {isa = PBXBuildFile; fileRef = 423635FE1C1A5A8E00DB2160 /* pcre2.framework */; settings = {ATTRIBUTES = (CodeSignOnCopy, RemoveHeadersOnCopy, ); }; };
		423636021C1A5A8E00DB2160 /* SwiftyRegex.framework in Frameworks */ = {isa = PBXBuildFile; fileRef = 423636011C1A5A8E00DB2160 /* SwiftyRegex.framework */; };
		423636031C1A5A8E00DB2160 /* SwiftyRegex.framework in Embed Frameworks */ = {isa = PBXBuildFile; fileRef = 423636011C1A5A8E00DB2160 /* SwiftyRegex.framework */; settings = {ATTRIBUTES = (CodeSignOnCopy, RemoveHeadersOnCopy, ); }; };
		42C86B0E1C17B52B00735B38 /* AppDelegate.swift in Sources */ = {isa = PBXBuildFile; fileRef = 42C86B0D1C17B52B00735B38 /* AppDelegate.swift */; };
		42C86B101C17B52B00735B38 /* Assets.xcassets in Resources */ = {isa = PBXBuildFile; fileRef = 42C86B0F1C17B52B00735B38 /* Assets.xcassets */; };
		42C86B131C17B52B00735B38 /* MainMenu.xib in Resources */ = {isa = PBXBuildFile; fileRef = 42C86B111C17B52B00735B38 /* MainMenu.xib */; };
		42C86B2C1C17BFB200735B38 /* config.swift in Sources */ = {isa = PBXBuildFile; fileRef = 42C86B2B1C17BFB200735B38 /* config.swift */; };
		42C86B301C17C0FF00735B38 /* loginHandler.swift in Sources */ = {isa = PBXBuildFile; fileRef = 42C86B2F1C17C0FF00735B38 /* loginHandler.swift */; };
		42C86B321C17C10C00735B38 /* indexHandler.swift in Sources */ = {isa = PBXBuildFile; fileRef = 42C86B311C17C10C00735B38 /* indexHandler.swift */; };
/* End PBXBuildFile section */

/* Begin PBXContainerItemProxy section */
		423635CF1C1A582C00DB2160 /* PBXContainerItemProxy */ = {
			isa = PBXContainerItemProxy;
			containerPortal = 42C86B1A1C17B54300735B38 /* unchained.xcodeproj */;
			proxyType = 1;
			remoteGlobalIDString = 422570C11C0D00640011563E;
			remoteInfo = unchained;
		};
		423635E31C1A59E400DB2160 /* PBXContainerItemProxy */ = {
			isa = PBXContainerItemProxy;
			containerPortal = 42C86B1A1C17B54300735B38 /* unchained.xcodeproj */;
			proxyType = 1;
			remoteGlobalIDString = 422570C11C0D00640011563E;
			remoteInfo = unchained;
		};
		42C86B231C17B54300735B38 /* PBXContainerItemProxy */ = {
			isa = PBXContainerItemProxy;
			containerPortal = 42C86B1A1C17B54300735B38 /* unchained.xcodeproj */;
			proxyType = 2;
			remoteGlobalIDString = 422570C21C0D00640011563E;
			remoteInfo = unchained;
		};
		42C86B251C17B54300735B38 /* PBXContainerItemProxy */ = {
			isa = PBXContainerItemProxy;
			containerPortal = 42C86B1A1C17B54300735B38 /* unchained.xcodeproj */;
			proxyType = 2;
			remoteGlobalIDString = 422570CC1C0D00640011563E;
			remoteInfo = unchainedTests;
		};
/* End PBXContainerItemProxy section */

/* Begin PBXCopyFilesBuildPhase section */
		423635E51C1A59E400DB2160 /* Embed Frameworks */ = {
			isa = PBXCopyFilesBuildPhase;
			buildActionMask = 2147483647;
			dstPath = "";
			dstSubfolderSpec = 10;
			files = (
				423636031C1A5A8E00DB2160 /* SwiftyRegex.framework in Embed Frameworks */,
				423635F71C1A5A6700DB2160 /* twohundred.framework in Embed Frameworks */,
				423636001C1A5A8E00DB2160 /* pcre2.framework in Embed Frameworks */,
				423635FA1C1A5A8E00DB2160 /* Stencil.framework in Embed Frameworks */,
				423635FD1C1A5A8E00DB2160 /* PathKit.framework in Embed Frameworks */,
				423635E21C1A59E400DB2160 /* unchained.framework in Embed Frameworks */,
			);
			name = "Embed Frameworks";
			runOnlyForDeploymentPostprocessing = 0;
		};
/* End PBXCopyFilesBuildPhase section */

/* Begin PBXFileReference section */
		423635F51C1A5A6700DB2160 /* twohundred.framework */ = {isa = PBXFileReference; explicitFileType = wrapper.framework; name = twohundred.framework; path = "/Users/dark/Library/Developer/Xcode/DerivedData/FileExchange-cvfojisvmjvyyoajlybwacppkxcd/Build/Products/Debug/twohundred.framework"; sourceTree = "<absolute>"; };
		423635F81C1A5A8E00DB2160 /* Stencil.framework */ = {isa = PBXFileReference; explicitFileType = wrapper.framework; name = Stencil.framework; path = "/Users/dark/Library/Developer/Xcode/DerivedData/FileExchange-cvfojisvmjvyyoajlybwacppkxcd/Build/Products/Debug/Stencil.framework"; sourceTree = "<absolute>"; };
		423635FB1C1A5A8E00DB2160 /* PathKit.framework */ = {isa = PBXFileReference; explicitFileType = wrapper.framework; name = PathKit.framework; path = "/Users/dark/Library/Developer/Xcode/DerivedData/FileExchange-cvfojisvmjvyyoajlybwacppkxcd/Build/Products/Debug/PathKit.framework"; sourceTree = "<absolute>"; };
		423635FE1C1A5A8E00DB2160 /* pcre2.framework */ = {isa = PBXFileReference; explicitFileType = wrapper.framework; name = pcre2.framework; path = "/Users/dark/Library/Developer/Xcode/DerivedData/FileExchange-cvfojisvmjvyyoajlybwacppkxcd/Build/Products/Debug/pcre2.framework"; sourceTree = "<absolute>"; };
		423636011C1A5A8E00DB2160 /* SwiftyRegex.framework */ = {isa = PBXFileReference; explicitFileType = wrapper.framework; name = SwiftyRegex.framework; path = "/Users/dark/Library/Developer/Xcode/DerivedData/FileExchange-cvfojisvmjvyyoajlybwacppkxcd/Build/Products/Debug/SwiftyRegex.framework"; sourceTree = "<absolute>"; };
		42C86B0A1C17B52B00735B38 /* FileExchange.app */ = {isa = PBXFileReference; explicitFileType = wrapper.application; includeInIndex = 0; path = FileExchange.app; sourceTree = BUILT_PRODUCTS_DIR; };
		42C86B0D1C17B52B00735B38 /* AppDelegate.swift */ = {isa = PBXFileReference; lastKnownFileType = sourcecode.swift; path = AppDelegate.swift; sourceTree = "<group>"; };
		42C86B0F1C17B52B00735B38 /* Assets.xcassets */ = {isa = PBXFileReference; lastKnownFileType = folder.assetcatalog; path = Assets.xcassets; sourceTree = "<group>"; };
		42C86B121C17B52B00735B38 /* Base */ = {isa = PBXFileReference; lastKnownFileType = file.xib; name = Base; path = Base.lproj/MainMenu.xib; sourceTree = "<group>"; };
		42C86B141C17B52B00735B38 /* Info.plist */ = {isa = PBXFileReference; lastKnownFileType = text.plist.xml; path = Info.plist; sourceTree = "<group>"; };
		42C86B1A1C17B54300735B38 /* unchained.xcodeproj */ = {isa = PBXFileReference; lastKnownFileType = "wrapper.pb-project"; name = unchained.xcodeproj; path = ../unchained.xcodeproj; sourceTree = "<group>"; };
		42C86B2B1C17BFB200735B38 /* config.swift */ = {isa = PBXFileReference; fileEncoding = 4; lastKnownFileType = sourcecode.swift; path = config.swift; sourceTree = "<group>"; };
		42C86B2F1C17C0FF00735B38 /* loginHandler.swift */ = {isa = PBXFileReference; fileEncoding = 4; lastKnownFileType = sourcecode.swift; path = loginHandler.swift; sourceTree = "<group>"; };
		42C86B311C17C10C00735B38 /* indexHandler.swift */ = {isa = PBXFileReference; fileEncoding = 4; lastKnownFileType = sourcecode.swift; path = indexHandler.swift; sourceTree = "<group>"; };
/* End PBXFileReference section */

/* Begin PBXFrameworksBuildPhase section */
		42C86B071C17B52B00735B38 /* Frameworks */ = {
			isa = PBXFrameworksBuildPhase;
			buildActionMask = 2147483647;
			files = (
				423636021C1A5A8E00DB2160 /* SwiftyRegex.framework in Frameworks */,
				423635F61C1A5A6700DB2160 /* twohundred.framework in Frameworks */,
				423635FF1C1A5A8E00DB2160 /* pcre2.framework in Frameworks */,
				423635F91C1A5A8E00DB2160 /* Stencil.framework in Frameworks */,
				423635FC1C1A5A8E00DB2160 /* PathKit.framework in Frameworks */,
				423635E11C1A59E400DB2160 /* unchained.framework in Frameworks */,
			);
			runOnlyForDeploymentPostprocessing = 0;
		};
/* End PBXFrameworksBuildPhase section */

/* Begin PBXGroup section */
		423636041C1A5A9A00DB2160 /* Frameworks */ = {
			isa = PBXGroup;
			children = (
				423636011C1A5A8E00DB2160 /* SwiftyRegex.framework */,
				423635FE1C1A5A8E00DB2160 /* pcre2.framework */,
				423635FB1C1A5A8E00DB2160 /* PathKit.framework */,
				423635F81C1A5A8E00DB2160 /* Stencil.framework */,
				423635F51C1A5A6700DB2160 /* twohundred.framework */,
			);
			name = Frameworks;
			sourceTree = "<group>";
		};
		42C86B011C17B52B00735B38 = {
			isa = PBXGroup;
			children = (
				42C86B1A1C17B54300735B38 /* unchained.xcodeproj */,
				42C86B0C1C17B52B00735B38 /* FileExchange */,
				42C86B0B1C17B52B00735B38 /* Products */,
			);
			sourceTree = "<group>";
		};
		42C86B0B1C17B52B00735B38 /* Products */ = {
			isa = PBXGroup;
			children = (
				42C86B0A1C17B52B00735B38 /* FileExchange.app */,
			);
			name = Products;
			sourceTree = "<group>";
		};
		42C86B0C1C17B52B00735B38 /* FileExchange */ = {
			isa = PBXGroup;
			children = (
				423636041C1A5A9A00DB2160 /* Frameworks */,
				42C86B2A1C17BF9600735B38 /* UnchainedApp */,
				42C86B0D1C17B52B00735B38 /* AppDelegate.swift */,
				42C86B0F1C17B52B00735B38 /* Assets.xcassets */,
				42C86B111C17B52B00735B38 /* MainMenu.xib */,
				42C86B141C17B52B00735B38 /* Info.plist */,
			);
			path = FileExchange;
			sourceTree = "<group>";
		};
		42C86B1B1C17B54300735B38 /* Products */ = {
			isa = PBXGroup;
			children = (
				42C86B241C17B54300735B38 /* unchained.framework */,
				42C86B261C17B54300735B38 /* unchainedTests.xctest */,
			);
			name = Products;
			sourceTree = "<group>";
		};
		42C86B2A1C17BF9600735B38 /* UnchainedApp */ = {
			isa = PBXGroup;
			children = (
				42C86B2B1C17BFB200735B38 /* config.swift */,
				42C86B2F1C17C0FF00735B38 /* loginHandler.swift */,
				42C86B311C17C10C00735B38 /* indexHandler.swift */,
			);
			name = UnchainedApp;
			path = unchained_app;
			sourceTree = "<group>";
		};
/* End PBXGroup section */

/* Begin PBXNativeTarget section */
		42C86B091C17B52B00735B38 /* FileExchange */ = {
			isa = PBXNativeTarget;
			buildConfigurationList = 42C86B171C17B52B00735B38 /* Build configuration list for PBXNativeTarget "FileExchange" */;
			buildPhases = (
				42C86B061C17B52B00735B38 /* Sources */,
				42C86B071C17B52B00735B38 /* Frameworks */,
				42C86B081C17B52B00735B38 /* Resources */,
				423635E51C1A59E400DB2160 /* Embed Frameworks */,
			);
			buildRules = (
			);
			dependencies = (
				423635D01C1A582C00DB2160 /* PBXTargetDependency */,
				423635E41C1A59E400DB2160 /* PBXTargetDependency */,
			);
			name = FileExchange;
			productName = FileExchange;
			productReference = 42C86B0A1C17B52B00735B38 /* FileExchange.app */;
			productType = "com.apple.product-type.application";
		};
/* End PBXNativeTarget section */

/* Begin PBXProject section */
		42C86B021C17B52B00735B38 /* Project object */ = {
			isa = PBXProject;
			attributes = {
				LastSwiftUpdateCheck = 0720;
				LastUpgradeCheck = 0720;
				ORGANIZATIONNAME = "Johannes Schriewer";
				TargetAttributes = {
					42C86B091C17B52B00735B38 = {
						CreatedOnToolsVersion = 7.2;
					};
				};
			};
			buildConfigurationList = 42C86B051C17B52B00735B38 /* Build configuration list for PBXProject "FileExchange" */;
			compatibilityVersion = "Xcode 3.2";
			developmentRegion = English;
			hasScannedForEncodings = 0;
			knownRegions = (
				en,
				Base,
			);
			mainGroup = 42C86B011C17B52B00735B38;
			productRefGroup = 42C86B0B1C17B52B00735B38 /* Products */;
			projectDirPath = "";
			projectReferences = (
				{
					ProductGroup = 42C86B1B1C17B54300735B38 /* Products */;
					ProjectRef = 42C86B1A1C17B54300735B38 /* unchained.xcodeproj */;
				},
			);
			projectRoot = "";
			targets = (
				42C86B091C17B52B00735B38 /* FileExchange */,
			);
		};
/* End PBXProject section */

/* Begin PBXReferenceProxy section */
		42C86B241C17B54300735B38 /* unchained.framework */ = {
			isa = PBXReferenceProxy;
			fileType = wrapper.framework;
			path = unchained.framework;
			remoteRef = 42C86B231C17B54300735B38 /* PBXContainerItemProxy */;
			sourceTree = BUILT_PRODUCTS_DIR;
		};
		42C86B261C17B54300735B38 /* unchainedTests.xctest */ = {
			isa = PBXReferenceProxy;
			fileType = wrapper.cfbundle;
			path = unchainedTests.xctest;
			remoteRef = 42C86B251C17B54300735B38 /* PBXContainerItemProxy */;
			sourceTree = BUILT_PRODUCTS_DIR;
		};
/* End PBXReferenceProxy section */

/* Begin PBXResourcesBuildPhase section */
		42C86B081C17B52B00735B38 /* Resources */ = {
			isa = PBXResourcesBuildPhase;
			buildActionMask = 2147483647;
			files = (
				42C86B101C17B52B00735B38 /* Assets.xcassets in Resources */,
				42C86B131C17B52B00735B38 /* MainMenu.xib in Resources */,
			);
			runOnlyForDeploymentPostprocessing = 0;
		};
/* End PBXResourcesBuildPhase section */

/* Begin PBXSourcesBuildPhase section */
		42C86B061C17B52B00735B38 /* Sources */ = {
			isa = PBXSourcesBuildPhase;
			buildActionMask = 2147483647;
			files = (
				42C86B301C17C0FF00735B38 /* loginHandler.swift in Sources */,
				42C86B0E1C17B52B00735B38 /* AppDelegate.swift in Sources */,
				42C86B2C1C17BFB200735B38 /* config.swift in Sources */,
				42C86B321C17C10C00735B38 /* indexHandler.swift in Sources */,
			);
			runOnlyForDeploymentPostprocessing = 0;
		};
/* End PBXSourcesBuildPhase section */

/* Begin PBXTargetDependency section */
		423635D01C1A582C00DB2160 /* PBXTargetDependency */ = {
			isa = PBXTargetDependency;
			name = unchained;
			targetProxy = 423635CF1C1A582C00DB2160 /* PBXContainerItemProxy */;
		};
		423635E41C1A59E400DB2160 /* PBXTargetDependency */ = {
			isa = PBXTargetDependency;
			name = unchained;
			targetProxy = 423635E31C1A59E400DB2160 /* PBXContainerItemProxy */;
		};
/* End PBXTargetDependency section */

/* Begin PBXVariantGroup section */
		42C86B111C17B52B00735B38 /* MainMenu.xib */ = {
			isa = PBXVariantGroup;
			children = (
				42C86B121C17B52B00735B38 /* Base */,
			);
			name = MainMenu.xib;
			sourceTree = "<group>";
		};
/* End PBXVariantGroup section */

/* Begin XCBuildConfiguration section */
		42C86B151C17B52B00735B38 /* Debug */ = {
			isa = XCBuildConfiguration;
			buildSettings = {
				ALWAYS_SEARCH_USER_PATHS = NO;
				CLANG_CXX_LANGUAGE_STANDARD = "gnu++0x";
				CLANG_CXX_LIBRARY = "libc++";
				CLANG_ENABLE_MODULES = YES;
				CLANG_ENABLE_OBJC_ARC = YES;
				CLANG_WARN_BOOL_CONVERSION = YES;
				CLANG_WARN_CONSTANT_CONVERSION = YES;
				CLANG_WARN_DIRECT_OBJC_ISA_USAGE = YES_ERROR;
				CLANG_WARN_EMPTY_BODY = YES;
				CLANG_WARN_ENUM_CONVERSION = YES;
				CLANG_WARN_INT_CONVERSION = YES;
				CLANG_WARN_OBJC_ROOT_CLASS = YES_ERROR;
				CLANG_WARN_UNREACHABLE_CODE = YES;
				CLANG_WARN__DUPLICATE_METHOD_MATCH = YES;
				CODE_SIGN_IDENTITY = "-";
				COPY_PHASE_STRIP = NO;
				DEBUG_INFORMATION_FORMAT = dwarf;
				ENABLE_STRICT_OBJC_MSGSEND = YES;
				ENABLE_TESTABILITY = YES;
				GCC_C_LANGUAGE_STANDARD = gnu99;
				GCC_DYNAMIC_NO_PIC = NO;
				GCC_NO_COMMON_BLOCKS = YES;
				GCC_OPTIMIZATION_LEVEL = 0;
				GCC_PREPROCESSOR_DEFINITIONS = (
					"DEBUG=1",
					"$(inherited)",
				);
				GCC_WARN_64_TO_32_BIT_CONVERSION = YES;
				GCC_WARN_ABOUT_RETURN_TYPE = YES_ERROR;
				GCC_WARN_UNDECLARED_SELECTOR = YES;
				GCC_WARN_UNINITIALIZED_AUTOS = YES_AGGRESSIVE;
				GCC_WARN_UNUSED_FUNCTION = YES;
				GCC_WARN_UNUSED_VARIABLE = YES;
				MACOSX_DEPLOYMENT_TARGET = 10.11;
				MTL_ENABLE_DEBUG_INFO = YES;
				ONLY_ACTIVE_ARCH = YES;
				SDKROOT = macosx;
				SWIFT_OPTIMIZATION_LEVEL = "-Onone";
			};
			name = Debug;
		};
		42C86B161C17B52B00735B38 /* Release */ = {
			isa = XCBuildConfiguration;
			buildSettings = {
				ALWAYS_SEARCH_USER_PATHS = NO;
				CLANG_CXX_LANGUAGE_STANDARD = "gnu++0x";
				CLANG_CXX_LIBRARY = "libc++";
				CLANG_ENABLE_MODULES = YES;
				CLANG_ENABLE_OBJC_ARC = YES;
				CLANG_WARN_BOOL_CONVERSION = YES;
				CLANG_WARN_CONSTANT_CONVERSION = YES;
				CLANG_WARN_DIRECT_OBJC_ISA_USAGE = YES_ERROR;
				CLANG_WARN_EMPTY_BODY = YES;
				CLANG_WARN_ENUM_CONVERSION = YES;
				CLANG_WARN_INT_CONVERSION = YES;
				CLANG_WARN_OBJC_ROOT_CLASS = YES_ERROR;
				CLANG_WARN_UNREACHABLE_CODE = YES;
				CLANG_WARN__DUPLICATE_METHOD_MATCH = YES;
				CODE_SIGN_IDENTITY = "-";
				COPY_PHASE_STRIP = NO;
				DEBUG_INFORMATION_FORMAT = "dwarf-with-dsym";
				ENABLE_NS_ASSERTIONS = NO;
				ENABLE_STRICT_OBJC_MSGSEND = YES;
				GCC_C_LANGUAGE_STANDARD = gnu99;
				GCC_NO_COMMON_BLOCKS = YES;
				GCC_WARN_64_TO_32_BIT_CONVERSION = YES;
				GCC_WARN_ABOUT_RETURN_TYPE = YES_ERROR;
				GCC_WARN_UNDECLARED_SELECTOR = YES;
				GCC_WARN_UNINITIALIZED_AUTOS = YES_AGGRESSIVE;
				GCC_WARN_UNUSED_FUNCTION = YES;
				GCC_WARN_UNUSED_VARIABLE = YES;
				MACOSX_DEPLOYMENT_TARGET = 10.11;
				MTL_ENABLE_DEBUG_INFO = NO;
				SDKROOT = macosx;
			};
			name = Release;
		};
		42C86B181C17B52B00735B38 /* Debug */ = {
			isa = XCBuildConfiguration;
			buildSettings = {
				ASSETCATALOG_COMPILER_APPICON_NAME = AppIcon;
				COMBINE_HIDPI_IMAGES = YES;
				EMBEDDED_CONTENT_CONTAINS_SWIFT = YES;
				INFOPLIST_FILE = FileExchange/Info.plist;
				LD_RUNPATH_SEARCH_PATHS = "$(inherited) @executable_path/../Frameworks";
				PRODUCT_BUNDLE_IDENTIFIER = de.dunkelstern.FileExchange;
				PRODUCT_NAME = "$(TARGET_NAME)";
			};
			name = Debug;
		};
		42C86B191C17B52B00735B38 /* Release */ = {
			isa = XCBuildConfiguration;
			buildSettings = {
				ASSETCATALOG_COMPILER_APPICON_NAME = AppIcon;
				COMBINE_HIDPI_IMAGES = YES;
				EMBEDDED_CONTENT_CONTAINS_SWIFT = YES;
				INFOPLIST_FILE = FileExchange/Info.plist;
				LD_RUNPATH_SEARCH_PATHS = "$(inherited) @executable_path/../Frameworks";
				PRODUCT_BUNDLE_IDENTIFIER = de.dunkelstern.FileExchange;
				PRODUCT_NAME = "$(TARGET_NAME)";
			};
			name = Release;
		};
/* End XCBuildConfiguration section */

/* Begin XCConfigurationList section */
		42C86B051C17B52B00735B38 /* Build configuration list for PBXProject "FileExchange" */ = {
			isa = XCConfigurationList;
			buildConfigurations = (
				42C86B151C17B52B00735B38 /* Debug */,
				42C86B161C17B52B00735B38 /* Release */,
			);
			defaultConfigurationIsVisible = 0;
			defaultConfigurationName = Release;
		};
		42C86B171C17B52B00735B38 /* Build configuration list for PBXNativeTarget "FileExchange" */ = {
			isa = XCConfigurationList;
			buildConfigurations = (
				42C86B181C17B52B00735B38 /* Debug */,
				42C86B191C17B52B00735B38 /* Release */,
			);
			defaultConfigurationIsVisible = 0;
			defaultConfigurationName = Release;
		};
/* End XCConfigurationList section */
	};
	rootObject = 42C86B021C17B52B00735B38 /* Project object */;
}
